// !$*UTF8*$!
{
	archiveVersion = 1;
	classes = {
	};
	objectVersion = 110;
	objects = {

/* Begin PBXBuildFile section */
		FA0000000000000000000012 /* Sparkle in Frameworks */ = {isa = PBXBuildFile; productRef = FA0000000000000000000011 /* Sparkle */; };
/* End PBXBuildFile section */

/* Begin PBXFileReference section */
		CA8DEE2130661FAB00E5FED8 /* AngryKeyboard.app */ = {isa = PBXFileReference; explicitFileType = wrapper.application; includeInIndex = 0; path = AngryKeyboard.app; sourceTree = BUILT_PRODUCTS_DIR; };
		CA8DEE3030661FAC00E5FED8 /* Debug.xcconfig */ = {isa = PBXFileReference; lastKnownFileType = text.xcconfig; path = Debug.xcconfig; sourceTree = "<group>"; };
		CA8DEE3130661FAC00E5FED8 /* Release.xcconfig */ = {isa = PBXFileReference; lastKnownFileType = text.xcconfig; path = Release.xcconfig; sourceTree = "<group>"; };
		CA8DEE3230661FAC00E5FED8 /* Info.plist */ = {isa = PBXFileReference; lastKnownFileType = text.plist.xml; path = Info.plist; sourceTree = "<group>"; };
		FA0000000000000000000002 /* AngryKeyboardTests.xctest */ = {isa = PBXFileReference; explicitFileType = wrapper.cfbundle; includeInIndex = 0; path = AngryKeyboardTests.xctest; sourceTree = BUILT_PRODUCTS_DIR; };
/* End PBXFileReference section */

/* Begin PBXFileSystemSynchronizedRootGroup section */
		CA8DEE2330661FAB00E5FED8 /* AngryKeyboard */ = {
			isa = PBXFileSystemSynchronizedRootGroup;
			path = AngryKeyboard;
			sourceTree = "<group>";
		};
		FA0000000000000000000006 /* AngryKeyboardTests */ = {
			isa = PBXFileSystemSynchronizedRootGroup;
			path = AngryKeyboardTests;
			sourceTree = "<group>";
		};
		FA000000000000000000000A /* AngryKeyboardCore */ = {
			isa = PBXFileSystemSynchronizedRootGroup;
			path = AngryKeyboardCore;
			sourceTree = "<group>";
		};
/* End PBXFileSystemSynchronizedRootGroup section */

/* Begin PBXFrameworksBuildPhase section */
		CA8DEE1E30661FAB00E5FED8 /* Frameworks */ = {
			isa = PBXFrameworksBuildPhase;
			files = (
				FA0000000000000000000012 /* Sparkle in Frameworks */,
			);
		};
		FA0000000000000000000004 /* Frameworks */ = {
			isa = PBXFrameworksBuildPhase;
			files = (
			);
		};
/* End PBXFrameworksBuildPhase section */

/* Begin PBXGroup section */
		CA8DEE1830661FAB00E5FED8 = {
			isa = PBXGroup;
			children = (
				CA8DEE2330661FAB00E5FED8 /* AngryKeyboard */,
				FA000000000000000000000A /* AngryKeyboardCore */,
				FA0000000000000000000006 /* AngryKeyboardTests */,
				CA8DEE2F30661FAC00E5FED8 /* Config */,
				CA8DEE2230661FAB00E5FED8 /* Products */,
			);
			sourceTree = "<group>";
		};
		CA8DEE2F30661FAC00E5FED8 /* Config */ = {
			isa = PBXGroup;
			children = (
				CA8DEE3030661FAC00E5FED8 /* Debug.xcconfig */,
				CA8DEE3130661FAC00E5FED8 /* Release.xcconfig */,
				CA8DEE3230661FAC00E5FED8 /* Info.plist */,
			);
			path = Config;
			sourceTree = "<group>";
		};
		CA8DEE2230661FAB00E5FED8 /* Products */ = {
			isa = PBXGroup;
			children = (
				CA8DEE2130661FAB00E5FED8 /* AngryKeyboard.app */,
				FA0000000000000000000002 /* AngryKeyboardTests.xctest */,
			);
			name = Products;
			sourceTree = "<group>";
		};
/* End PBXGroup section */

/* Begin PBXNativeTarget section */
		CA8DEE2030661FAB00E5FED8 /* AngryKeyboard */ = {
			isa = PBXNativeTarget;
			buildConfigurationList = CA8DEE2C30661FAC00E5FED8 /* Build configuration list for PBXNativeTarget "AngryKeyboard" */;
			buildPhases = (
				CA8DEE1D30661FAB00E5FED8 /* Sources */,
				CA8DEE1E30661FAB00E5FED8 /* Frameworks */,
				CA8DEE1F30661FAB00E5FED8 /* Resources */,
				CA8DEE4030661FAC00E5FED8 /* Set Dev Version */,
			);
			buildRules = (
			);
			fileSystemSynchronizedGroups = (
				CA8DEE2330661FAB00E5FED8 /* AngryKeyboard */,
				FA000000000000000000000A /* AngryKeyboardCore */,
			);
			name = AngryKeyboard;
			packageProductDependencies = (
				FA0000000000000000000011 /* Sparkle */,
			);
			productName = AngryKeyboard;
			productReference = CA8DEE2130661FAB00E5FED8 /* AngryKeyboard.app */;
			productType = "com.apple.product-type.application";
		};
		FA0000000000000000000001 /* AngryKeyboardTests */ = {
			isa = PBXNativeTarget;
			buildConfigurationList = FA0000000000000000000007 /* Build configuration list for PBXNativeTarget "AngryKeyboardTests" */;
			buildPhases = (
				FA0000000000000000000003 /* Sources */,
				FA0000000000000000000004 /* Frameworks */,
				FA0000000000000000000005 /* Resources */,
			);
			buildRules = (
			);
			fileSystemSynchronizedGroups = (
				FA0000000000000000000006 /* AngryKeyboardTests */,
				FA000000000000000000000A /* AngryKeyboardCore */,
			);
			name = AngryKeyboardTests;
			productName = AngryKeyboardTests;
			productReference = FA0000000000000000000002 /* AngryKeyboardTests.xctest */;
			productType = "com.apple.product-type.bundle.unit-test";
		};
/* End PBXNativeTarget section */

/* Begin PBXProject section */
		CA8DEE1930661FAB00E5FED8 /* Project object */ = {
			isa = PBXProject;
			attributes = {
				BuildIndependentTargetsInParallel = 1;
				LastSwiftUpdateCheck = 2700;
				LastUpgradeCheck = 2700;
				TargetAttributes = {
					CA8DEE2030661FAB00E5FED8 = {
						CreatedOnToolsVersion = 27.0;
					};
					FA0000000000000000000001 = {
						CreatedOnToolsVersion = 27.0;
					};
				};
			};
			buildConfigurationList = CA8DEE1C30661FAB00E5FED8 /* Build configuration list for PBXProject "AngryKeyboard" */;
			developmentRegion = en;
			hasScannedForEncodings = 0;
			knownRegions = (
				en,
				Base,
			);
			mainGroup = CA8DEE1830661FAB00E5FED8;
			minimizedProjectReferenceProxies = 1;
			packageReferences = (
				FA0000000000000000000015 /* XCRemoteSwiftPackageReference "Sparkle" */,
			);
			preferredProjectObjectVersion = 77;
			productRefGroup = CA8DEE2230661FAB00E5FED8 /* Products */;
			projectDirPath = "";
			projectRoot = "";
			targets = (
				CA8DEE2030661FAB00E5FED8 /* AngryKeyboard */,
				FA0000000000000000000001 /* AngryKeyboardTests */,
			);
		};
/* End PBXProject section */

/* Begin PBXResourcesBuildPhase section */
		CA8DEE1F30661FAB00E5FED8 /* Resources */ = {
			isa = PBXResourcesBuildPhase;
			files = (
			);
		};
		FA0000000000000000000005 /* Resources */ = {
			isa = PBXResourcesBuildPhase;
			files = (
			);
		};
/* End PBXResourcesBuildPhase section */

/* Begin PBXShellScriptBuildPhase section */
		CA8DEE4030661FAC00E5FED8 /* Set Dev Version */ = {
			isa = PBXShellScriptBuildPhase;
			alwaysOutOfDate = 1;
			buildActionMask = 2147483647;
			files = (
			);
			inputFileListPaths = (
			);
			inputPaths = (
				"$(TARGET_BUILD_DIR)/$(INFOPLIST_PATH)",
			);
			name = "Set Dev Version";
			outputFileListPaths = (
			);
			outputPaths = (
			);
			runOnlyForDeploymentPostprocessing = 0;
			shellPath = /bin/sh;
			shellScript = "\"$SRCROOT/Scripts/set-dev-version.sh\"\n";
		};
/* End PBXShellScriptBuildPhase section */

/* Begin PBXSourcesBuildPhase section */
		CA8DEE1D30661FAB00E5FED8 /* Sources */ = {
			isa = PBXSourcesBuildPhase;
			files = (
			);
		};
		FA0000000000000000000003 /* Sources */ = {
			isa = PBXSourcesBuildPhase;
			files = (
			);
		};
/* End PBXSourcesBuildPhase section */

/* Begin XCBuildConfiguration section */
		CA8DEE2A30661FAC00E5FED8 /* Debug configuration for PBXProject "AngryKeyboard" */ = {
			isa = XCBuildConfiguration;
			buildSettings = {
				ALWAYS_SEARCH_USER_PATHS = NO;
				ASSETCATALOG_COMPILER_GENERATE_SWIFT_ASSET_SYMBOL_EXTENSIONS = YES;
				CLANG_ANALYZER_NONNULL = YES;
				CLANG_ANALYZER_NUMBER_OBJECT_CONVERSION = YES_AGGRESSIVE;
				CLANG_CXX_LANGUAGE_STANDARD = "gnu++20";
				CLANG_ENABLE_MODULES = YES;
				CLANG_ENABLE_OBJC_ARC = YES;
				CLANG_ENABLE_OBJC_WEAK = YES;
				CLANG_WARN_BLOCK_CAPTURE_AUTORELEASING = YES;
				CLANG_WARN_BOOL_CONVERSION = YES;
				CLANG_WARN_COMMA = YES;
				CLANG_WARN_CONSTANT_CONVERSION = YES;
				CLANG_WARN_DEPRECATED_OBJC_IMPLEMENTATIONS = YES;
				CLANG_WARN_DIRECT_OBJC_ISA_USAGE = YES_ERROR;
				CLANG_WARN_DOCUMENTATION_COMMENTS = YES;
				CLANG_WARN_EMPTY_BODY = YES;
				CLANG_WARN_ENUM_CONVERSION = YES;
				CLANG_WARN_INFINITE_RECURSION = YES;
				CLANG_WARN_INT_CONVERSION = YES;
				CLANG_WARN_NON_LITERAL_NULL_CONVERSION = YES;
				CLANG_WARN_OBJC_IMPLICIT_RETAIN_SELF = YES;
				CLANG_WARN_OBJC_LITERAL_CONVERSION = YES;
				CLANG_WARN_OBJC_ROOT_CLASS = YES_ERROR;
				CLANG_WARN_QUOTED_INCLUDE_IN_FRAMEWORK_HEADER = YES;
				CLANG_WARN_RANGE_LOOP_ANALYSIS = YES;
				CLANG_WARN_STRICT_PROTOTYPES = YES;
				CLANG_WARN_SUSPICIOUS_MOVE = YES;
				CLANG_WARN_UNGUARDED_AVAILABILITY = YES_AGGRESSIVE;
				CLANG_WARN_UNREACHABLE_CODE = YES;
				CLANG_WARN__DUPLICATE_METHOD_MATCH = YES;
				COPY_PHASE_STRIP = NO;
				DEBUG_INFORMATION_FORMAT = dwarf;
				ENABLE_STRICT_OBJC_MSGSEND = YES;
				ENABLE_TESTABILITY = YES;
				ENABLE_USER_SCRIPT_SANDBOXING = YES;
				GCC_C_LANGUAGE_STANDARD = gnu17;
				GCC_DYNAMIC_NO_PIC = NO;
				GCC_NO_COMMON_BLOCKS = YES;
				GCC_OPTIMIZATION_LEVEL = 0;
				GCC_PREPROCESSOR_DEFINITIONS = (
					"DEBUG=1",
					"$(inherited)",
				);
				GCC_WARN_64_TO_32_BIT_CONVERSION = YES;
				GCC_WARN_ABOUT_RETURN_TYPE = YES_ERROR;
				GCC_WARN_UNDECLARED_SELECTOR = YES;
				GCC_WARN_UNINITIALIZED_AUTOS = YES_AGGRESSIVE;
				GCC_WARN_UNUSED_FUNCTION = YES;
				GCC_WARN_UNUSED_VARIABLE = YES;
				LOCALIZATION_PREFERS_STRING_CATALOGS = YES;
				MACOSX_DEPLOYMENT_TARGET = 14.0;
				MTL_ENABLE_DEBUG_INFO = INCLUDE_SOURCE;
				MTL_FAST_MATH = YES;
				ONLY_ACTIVE_ARCH = YES;
				SDKROOT = macosx;
				SWIFT_ACTIVE_COMPILATION_CONDITIONS = "DEBUG $(inherited)";
				SWIFT_OPTIMIZATION_LEVEL = "-Onone";
			};
			name = Debug;
		};
		CA8DEE2B30661FAC00E5FED8 /* Release configuration for PBXProject "AngryKeyboard" */ = {
			isa = XCBuildConfiguration;
			buildSettings = {
				ALWAYS_SEARCH_USER_PATHS = NO;
				ASSETCATALOG_COMPILER_GENERATE_SWIFT_ASSET_SYMBOL_EXTENSIONS = YES;
				CLANG_ANALYZER_NONNULL = YES;
				CLANG_ANALYZER_NUMBER_OBJECT_CONVERSION = YES_AGGRESSIVE;
				CLANG_CXX_LANGUAGE_STANDARD = "gnu++20";
				CLANG_ENABLE_MODULES = YES;
				CLANG_ENABLE_OBJC_ARC = YES;
				CLANG_ENABLE_OBJC_WEAK = YES;
				CLANG_WARN_BLOCK_CAPTURE_AUTORELEASING = YES;
				CLANG_WARN_BOOL_CONVERSION = YES;
				CLANG_WARN_COMMA = YES;
				CLANG_WARN_CONSTANT_CONVERSION = YES;
				CLANG_WARN_DEPRECATED_OBJC_IMPLEMENTATIONS = YES;
				CLANG_WARN_DIRECT_OBJC_ISA_USAGE = YES_ERROR;
				CLANG_WARN_DOCUMENTATION_COMMENTS = YES;
				CLANG_WARN_EMPTY_BODY = YES;
				CLANG_WARN_ENUM_CONVERSION = YES;
				CLANG_WARN_INFINITE_RECURSION = YES;
				CLANG_WARN_INT_CONVERSION = YES;
				CLANG_WARN_NON_LITERAL_NULL_CONVERSION = YES;
				CLANG_WARN_OBJC_IMPLICIT_RETAIN_SELF = YES;
				CLANG_WARN_OBJC_LITERAL_CONVERSION = YES;
				CLANG_WARN_OBJC_ROOT_CLASS = YES_ERROR;
				CLANG_WARN_QUOTED_INCLUDE_IN_FRAMEWORK_HEADER = YES;
				CLANG_WARN_RANGE_LOOP_ANALYSIS = YES;
				CLANG_WARN_STRICT_PROTOTYPES = YES;
				CLANG_WARN_SUSPICIOUS_MOVE = YES;
				CLANG_WARN_UNGUARDED_AVAILABILITY = YES_AGGRESSIVE;
				CLANG_WARN_UNREACHABLE_CODE = YES;
				CLANG_WARN__DUPLICATE_METHOD_MATCH = YES;
				COPY_PHASE_STRIP = NO;
				DEBUG_INFORMATION_FORMAT = "dwarf-with-dsym";
				ENABLE_NS_ASSERTIONS = NO;
				ENABLE_STRICT_OBJC_MSGSEND = YES;
				ENABLE_USER_SCRIPT_SANDBOXING = YES;
				GCC_C_LANGUAGE_STANDARD = gnu17;
				GCC_NO_COMMON_BLOCKS = YES;
				GCC_WARN_64_TO_32_BIT_CONVERSION = YES;
				GCC_WARN_ABOUT_RETURN_TYPE = YES_ERROR;
				GCC_WARN_UNDECLARED_SELECTOR = YES;
				GCC_WARN_UNINITIALIZED_AUTOS = YES_AGGRESSIVE;
				GCC_WARN_UNUSED_FUNCTION = YES;
				GCC_WARN_UNUSED_VARIABLE = YES;
				LOCALIZATION_PREFERS_STRING_CATALOGS = YES;
				MACOSX_DEPLOYMENT_TARGET = 14.0;
				MTL_ENABLE_DEBUG_INFO = NO;
				MTL_FAST_MATH = YES;
				SDKROOT = macosx;
				SWIFT_COMPILATION_MODE = wholemodule;
			};
			name = Release;
		};
		CA8DEE2D30661FAC00E5FED8 /* Debug configuration for PBXNativeTarget "AngryKeyboard" */ = {
			isa = XCBuildConfiguration;
			baseConfigurationReference = CA8DEE3030661FAC00E5FED8 /* Debug.xcconfig */;
			buildSettings = {
				ASSETCATALOG_COMPILER_GLOBAL_ACCENT_COLOR_NAME = AccentColor;
				COMBINE_HIDPI_IMAGES = YES;
				CURRENT_PROJECT_VERSION = 1;
				ENABLE_APP_SANDBOX = NO;
				ENABLE_PREVIEWS = YES;
				ENABLE_USER_SCRIPT_SANDBOXING = NO;
				GENERATE_INFOPLIST_FILE = YES;
				INFOPLIST_FILE = Config/Info.plist;
				INFOPLIST_KEY_LSUIElement = YES;
				INFOPLIST_KEY_NSHumanReadableCopyright = "";
				LD_RUNPATH_SEARCH_PATHS = (
					"$(inherited)",
					"@executable_path/../Frameworks",
				);
				MARKETING_VERSION = 0.1.0;
				REGISTER_APP_GROUPS = YES;
				STRING_CATALOG_GENERATE_SYMBOLS = YES;
				SWIFT_APPROACHABLE_CONCURRENCY = YES;
				SWIFT_DEFAULT_ACTOR_ISOLATION = MainActor;
				SWIFT_EMIT_LOC_STRINGS = YES;
				SWIFT_UPCOMING_FEATURE_MEMBER_IMPORT_VISIBILITY = YES;
				SWIFT_VERSION = 5.0;
			};
			name = Debug;
		};
		CA8DEE2E30661FAC00E5FED8 /* Release configuration for PBXNativeTarget "AngryKeyboard" */ = {
			isa = XCBuildConfiguration;
			baseConfigurationReference = CA8DEE3130661FAC00E5FED8 /* Release.xcconfig */;
			buildSettings = {
				ASSETCATALOG_COMPILER_GLOBAL_ACCENT_COLOR_NAME = AccentColor;
				COMBINE_HIDPI_IMAGES = YES;
				CURRENT_PROJECT_VERSION = 1;
				ENABLE_APP_SANDBOX = NO;
				ENABLE_PREVIEWS = YES;
				ENABLE_USER_SCRIPT_SANDBOXING = NO;
				GENERATE_INFOPLIST_FILE = YES;
				INFOPLIST_FILE = Config/Info.plist;
				INFOPLIST_KEY_LSUIElement = YES;
				INFOPLIST_KEY_NSHumanReadableCopyright = "";
				LD_RUNPATH_SEARCH_PATHS = (
					"$(inherited)",
					"@executable_path/../Frameworks",
				);
				MARKETING_VERSION = 0.1.0;
				REGISTER_APP_GROUPS = YES;
				STRING_CATALOG_GENERATE_SYMBOLS = YES;
				SWIFT_APPROACHABLE_CONCURRENCY = YES;
				SWIFT_DEFAULT_ACTOR_ISOLATION = MainActor;
				SWIFT_EMIT_LOC_STRINGS = YES;
				SWIFT_UPCOMING_FEATURE_MEMBER_IMPORT_VISIBILITY = YES;
				SWIFT_VERSION = 5.0;
			};
			name = Release;
		};
		FA0000000000000000000008 /* Debug configuration for PBXNativeTarget "AngryKeyboardTests" */ = {
			isa = XCBuildConfiguration;
			buildSettings = {
				CODE_SIGN_STYLE = Automatic;
				CURRENT_PROJECT_VERSION = 1;
				ENABLE_TESTING_SEARCH_PATHS = YES;
				GENERATE_INFOPLIST_FILE = YES;
				LD_RUNPATH_SEARCH_PATHS = (
					"$(inherited)",
					"@executable_path/../Frameworks",
					"@loader_path/../Frameworks",
				);
				MARKETING_VERSION = 1.0;
				PRODUCT_BUNDLE_IDENTIFIER = com.zzacong.AngryKeyboardTests;
				PRODUCT_NAME = "$(TARGET_NAME)";
				SWIFT_EMIT_LOC_STRINGS = NO;
				SWIFT_VERSION = 5.0;
			};
			name = Debug;
		};
		FA0000000000000000000009 /* Release configuration for PBXNativeTarget "AngryKeyboardTests" */ = {
			isa = XCBuildConfiguration;
			buildSettings = {
				CODE_SIGN_STYLE = Automatic;
				CURRENT_PROJECT_VERSION = 1;
				ENABLE_TESTING_SEARCH_PATHS = YES;
				GENERATE_INFOPLIST_FILE = YES;
				LD_RUNPATH_SEARCH_PATHS = (
					"$(inherited)",
					"@executable_path/../Frameworks",
					"@loader_path/../Frameworks",
				);
				MARKETING_VERSION = 1.0;
				PRODUCT_BUNDLE_IDENTIFIER = com.zzacong.AngryKeyboardTests;
				PRODUCT_NAME = "$(TARGET_NAME)";
				SWIFT_EMIT_LOC_STRINGS = NO;
				SWIFT_VERSION = 5.0;
			};
			name = Release;
		};
/* End XCBuildConfiguration section */

/* Begin XCConfigurationList section */
		CA8DEE1C30661FAB00E5FED8 /* Build configuration list for PBXProject "AngryKeyboard" */ = {
			isa = XCConfigurationList;
			buildConfigurations = (
				CA8DEE2A30661FAC00E5FED8 /* Debug configuration for PBXProject "AngryKeyboard" */,
				CA8DEE2B30661FAC00E5FED8 /* Release configuration for PBXProject "AngryKeyboard" */,
			);
			defaultConfigurationName = Release;
		};
		CA8DEE2C30661FAC00E5FED8 /* Build configuration list for PBXNativeTarget "AngryKeyboard" */ = {
			isa = XCConfigurationList;
			buildConfigurations = (
				CA8DEE2D30661FAC00E5FED8 /* Debug configuration for PBXNativeTarget "AngryKeyboard" */,
				CA8DEE2E30661FAC00E5FED8 /* Release configuration for PBXNativeTarget "AngryKeyboard" */,
			);
			defaultConfigurationName = Release;
		};
		FA0000000000000000000007 /* Build configuration list for PBXNativeTarget "AngryKeyboardTests" */ = {
			isa = XCConfigurationList;
			buildConfigurations = (
				FA0000000000000000000008 /* Debug configuration for PBXNativeTarget "AngryKeyboardTests" */,
				FA0000000000000000000009 /* Release configuration for PBXNativeTarget "AngryKeyboardTests" */,
			);
			defaultConfigurationName = Release;
		};
/* End XCConfigurationList section */

/* Begin XCRemoteSwiftPackageReference section */
		FA0000000000000000000015 /* XCRemoteSwiftPackageReference "Sparkle" */ = {
			isa = XCRemoteSwiftPackageReference;
			repositoryURL = "https://github.com/sparkle-project/Sparkle";
			requirement = {
				kind = upToNextMajorVersion;
				minimumVersion = 2.10.0;
			};
		};
/* End XCRemoteSwiftPackageReference section */

/* Begin XCSwiftPackageProductDependency section */
		FA0000000000000000000011 /* Sparkle */ = {
			isa = XCSwiftPackageProductDependency;
			package = FA0000000000000000000015 /* XCRemoteSwiftPackageReference "Sparkle" */;
			productName = Sparkle;
		};
/* End XCSwiftPackageProductDependency section */
	};
	rootObject = CA8DEE1930661FAB00E5FED8 /* Project object */;
	validationLevel = 1;
}
